PODS:
  - Alamofire (4.9.1)
  - ChameleonFramework (2.1.0):
    - ChameleonFramework/Default (= 2.1.0)
  - ChameleonFramework/Default (2.1.0)
  - SwiftyJSON (5.0.1)

DEPENDENCIES:
  - Alamofire
  - ChameleonFramework
  - SwiftyJSON

SPEC REPOS:
  trunk:
    - Alamofire
    - ChameleonFramework
    - SwiftyJSON

SPEC CHECKSUMS:
  Alamofire: 85e8a02c69d6020a0d734f6054870d7ecb75cf18
  ChameleonFramework: d21a3cc247abfe5e37609a283a8238b03575cf64
  SwiftyJSON: 2f33a42c6fbc52764d96f13368585094bfd8aa5e

PODFILE CHECKSUM: 19a4c71afe58f567a9c2eac060930fe0a8d0556a

COCOAPODS: 1.10.1
